
Microsoft Visual Studio Solution File, Format Version 12.00
# Visual Studio Version 17
VisualStudioVersion = 17.3.32929.385
MinimumVisualStudioVersion = 10.0.40219.1
Project("{FAE04EC0-301F-11D3-BF4B-00C04F79EFBC}") = "CA_W5_ANGEL_L", "CA_W5_ANGEL_L\CA_W5_ANGEL_L.csproj", "{28DBC349-F507-4C05-9A62-4678FFE245E6}"
EndProject
Global
	GlobalSection(SolutionConfigurationPlatforms) = preSolution
		Debug|Any CPU = Debug|Any CPU
		Release|Any CPU = Release|Any CPU
	EndGlobalSection
	GlobalSection(ProjectConfigurationPlatforms) = postSolution
		{28DBC349-F507-4C05-9A62-4678FFE245E6}.Debug|Any CPU.ActiveCfg = Debug|Any CPU
		{28DBC349-F507-4C05-9A62-4678FFE245E6}.Debug|Any CPU.Build.0 = Debug|Any CPU
		{28DBC349-F507-4C05-9A62-4678FFE245E6}.Release|Any CPU.ActiveCfg = Release|Any CPU
		{28DBC349-F507-4C05-9A62-4678FFE245E6}.Release|Any CPU.Build.0 = Release|Any CPU
	EndGlobalSection
	GlobalSection(SolutionProperties) = preSolution
		HideSolutionNode = FALSE
	EndGlobalSection
	GlobalSection(ExtensibilityGlobals) = postSolution
		SolutionGuid = {8D4A2D83-59FD-460B-93ED-EEDBE5A0A629}
	EndGlobalSection
EndGlobal
